
Microsoft Visual Studio Solution File, Format Version 12.00
# Visual Studio Version 17
VisualStudioVersion = 17.5.001.0
MinimumVisualStudioVersion = 10.0.40219.1
Project("{9A19103F-16F7-4668-BE54-9A1E7A4F7556}") = "RpgApi", "RpgApi.csproj", "{B65F3A46-D5D2-4681-B4AF-093B91A1FB9F}"
EndProject
Global
	GlobalSection(SolutionConfigurationPlatforms) = preSolution
		Debug|Any CPU = Debug|Any CPU
		Release|Any CPU = Release|Any CPU
	EndGlobalSection
	GlobalSection(ProjectConfigurationPlatforms) = postSolution
		{B65F3A46-D5D2-4681-B4AF-093B91A1FB9F}.Debug|Any CPU.ActiveCfg = Debug|Any CPU
		{B65F3A46-D5D2-4681-B4AF-093B91A1FB9F}.Debug|Any CPU.Build.0 = Debug|Any CPU
		{B65F3A46-D5D2-4681-B4AF-093B91A1FB9F}.Release|Any CPU.ActiveCfg = Release|Any CPU
		{B65F3A46-D5D2-4681-B4AF-093B91A1FB9F}.Release|Any CPU.Build.0 = Release|Any CPU
	EndGlobalSection
	GlobalSection(SolutionProperties) = preSolution
		HideSolutionNode = FALSE
	EndGlobalSection
	GlobalSection(ExtensibilityGlobals) = postSolution
		SolutionGuid = {9D701E5D-6B79-4AE2-A889-232B7DC2CD94}
	EndGlobalSection
EndGlobal
